// !$*UTF8*$!
{
	archiveVersion = 1;
	classes = {
	};
	objectVersion = 50;
	objects = {

/* Begin PBXBuildFile section */
		F00D79D025820D97005A39E9 /* AppDelegate.swift in Sources */ = {isa = PBXBuildFile; fileRef = F00D79CF25820D97005A39E9 /* AppDelegate.swift */; };
		F00D79D925820D99005A39E9 /* Assets.xcassets in Resources */ = {isa = PBXBuildFile; fileRef = F00D79D825820D99005A39E9 /* Assets.xcassets */; };
		F00D79DC25820D99005A39E9 /* LaunchScreen.storyboard in Resources */ = {isa = PBXBuildFile; fileRef = F00D79DA25820D99005A39E9 /* LaunchScreen.storyboard */; };
		F00D79F725832412005A39E9 /* MainTabBarController.swift in Sources */ = {isa = PBXBuildFile; fileRef = F00D79F625832412005A39E9 /* MainTabBarController.swift */; };
		F00D79FA25832431005A39E9 /* HomeViewController.swift in Sources */ = {isa = PBXBuildFile; fileRef = F00D79F925832431005A39E9 /* HomeViewController.swift */; };
		F00D79FD2583243D005A39E9 /* LiveViewController.swift in Sources */ = {isa = PBXBuildFile; fileRef = F00D79FC2583243D005A39E9 /* LiveViewController.swift */; };
		F00D7A002583244B005A39E9 /* FollowViewController.swift in Sources */ = {isa = PBXBuildFile; fileRef = F00D79FF2583244B005A39E9 /* FollowViewController.swift */; };
		F00D7A0325832456005A39E9 /* ProfileViewController.swift in Sources */ = {isa = PBXBuildFile; fileRef = F00D7A0225832456005A39E9 /* ProfileViewController.swift */; };
		F00D7A1A25834E2B005A39E9 /* MainNavigationController.swift in Sources */ = {isa = PBXBuildFile; fileRef = F00D7A1925834E2B005A39E9 /* MainNavigationController.swift */; };
		F00D7A1F258352C5005A39E9 /* UIImage-Extension.swift in Sources */ = {isa = PBXBuildFile; fileRef = F00D7A1E258352C5005A39E9 /* UIImage-Extension.swift */; };
/* End PBXBuildFile section */

/* Begin PBXFileReference section */
		F00D79CC25820D97005A39E9 /* DYZB.app */ = {isa = PBXFileReference; explicitFileType = wrapper.application; includeInIndex = 0; path = DYZB.app; sourceTree = BUILT_PRODUCTS_DIR; };
		F00D79CF25820D97005A39E9 /* AppDelegate.swift */ = {isa = PBXFileReference; lastKnownFileType = sourcecode.swift; path = AppDelegate.swift; sourceTree = "<group>"; };
		F00D79D825820D99005A39E9 /* Assets.xcassets */ = {isa = PBXFileReference; lastKnownFileType = folder.assetcatalog; path = Assets.xcassets; sourceTree = "<group>"; };
		F00D79DB25820D99005A39E9 /* Base */ = {isa = PBXFileReference; lastKnownFileType = file.storyboard; name = Base; path = Base.lproj/LaunchScreen.storyboard; sourceTree = "<group>"; };
		F00D79DD25820D99005A39E9 /* Info.plist */ = {isa = PBXFileReference; lastKnownFileType = text.plist.xml; path = Info.plist; sourceTree = "<group>"; };
		F00D79F625832412005A39E9 /* MainTabBarController.swift */ = {isa = PBXFileReference; lastKnownFileType = sourcecode.swift; path = MainTabBarController.swift; sourceTree = "<group>"; };
		F00D79F925832431005A39E9 /* HomeViewController.swift */ = {isa = PBXFileReference; lastKnownFileType = sourcecode.swift; path = HomeViewController.swift; sourceTree = "<group>"; };
		F00D79FC2583243D005A39E9 /* LiveViewController.swift */ = {isa = PBXFileReference; lastKnownFileType = sourcecode.swift; path = LiveViewController.swift; sourceTree = "<group>"; };
		F00D79FF2583244B005A39E9 /* FollowViewController.swift */ = {isa = PBXFileReference; lastKnownFileType = sourcecode.swift; path = FollowViewController.swift; sourceTree = "<group>"; };
		F00D7A0225832456005A39E9 /* ProfileViewController.swift */ = {isa = PBXFileReference; lastKnownFileType = sourcecode.swift; path = ProfileViewController.swift; sourceTree = "<group>"; };
		F00D7A1925834E2B005A39E9 /* MainNavigationController.swift */ = {isa = PBXFileReference; lastKnownFileType = sourcecode.swift; path = MainNavigationController.swift; sourceTree = "<group>"; };
		F00D7A1E258352C5005A39E9 /* UIImage-Extension.swift */ = {isa = PBXFileReference; lastKnownFileType = sourcecode.swift; path = "UIImage-Extension.swift"; sourceTree = "<group>"; };
/* End PBXFileReference section */

/* Begin PBXFrameworksBuildPhase section */
		F00D79C925820D97005A39E9 /* Frameworks */ = {
			isa = PBXFrameworksBuildPhase;
			buildActionMask = 2147483647;
			files = (
			);
			runOnlyForDeploymentPostprocessing = 0;
		};
/* End PBXFrameworksBuildPhase section */

/* Begin PBXGroup section */
		F00D79C325820D97005A39E9 = {
			isa = PBXGroup;
			children = (
				F00D79CE25820D97005A39E9 /* DYZB */,
				F00D79CD25820D97005A39E9 /* Products */,
			);
			sourceTree = "<group>";
		};
		F00D79CD25820D97005A39E9 /* Products */ = {
			isa = PBXGroup;
			children = (
				F00D79CC25820D97005A39E9 /* DYZB.app */,
			);
			name = Products;
			sourceTree = "<group>";
		};
		F00D79CE25820D97005A39E9 /* DYZB */ = {
			isa = PBXGroup;
			children = (
				F00D79EB258222D6005A39E9 /* Classes */,
				F00D79D825820D99005A39E9 /* Assets.xcassets */,
				F00D79DA25820D99005A39E9 /* LaunchScreen.storyboard */,
				F00D79DD25820D99005A39E9 /* Info.plist */,
			);
			path = DYZB;
			sourceTree = "<group>";
		};
		F00D79EB258222D6005A39E9 /* Classes */ = {
			isa = PBXGroup;
			children = (
				F00D79CF25820D97005A39E9 /* AppDelegate.swift */,
				F00D79F1258222D6005A39E9 /* Main */,
				F00D79EC258222D6005A39E9 /* Home */,
				F00D79F0258222D6005A39E9 /* Live */,
				F00D79EE258222D6005A39E9 /* Follow */,
				F00D79EF258222D6005A39E9 /* Profile */,
				F00D79ED258222D6005A39E9 /* Tools */,
			);
			path = Classes;
			sourceTree = SOURCE_ROOT;
		};
		F00D79EC258222D6005A39E9 /* Home */ = {
			isa = PBXGroup;
			children = (
				F00D79F925832431005A39E9 /* HomeViewController.swift */,
			);
			path = Home;
			sourceTree = "<group>";
		};
		F00D79ED258222D6005A39E9 /* Tools */ = {
			isa = PBXGroup;
			children = (
				F00D7A1D258352AD005A39E9 /* Extension */,
			);
			path = Tools;
			sourceTree = "<group>";
		};
		F00D79EE258222D6005A39E9 /* Follow */ = {
			isa = PBXGroup;
			children = (
				F00D79FF2583244B005A39E9 /* FollowViewController.swift */,
			);
			path = Follow;
			sourceTree = "<group>";
		};
		F00D79EF258222D6005A39E9 /* Profile */ = {
			isa = PBXGroup;
			children = (
				F00D7A0225832456005A39E9 /* ProfileViewController.swift */,
			);
			path = Profile;
			sourceTree = "<group>";
		};
		F00D79F0258222D6005A39E9 /* Live */ = {
			isa = PBXGroup;
			children = (
				F00D79FC2583243D005A39E9 /* LiveViewController.swift */,
			);
			path = Live;
			sourceTree = "<group>";
		};
		F00D79F1258222D6005A39E9 /* Main */ = {
			isa = PBXGroup;
			children = (
				F00D79F625832412005A39E9 /* MainTabBarController.swift */,
				F00D7A1925834E2B005A39E9 /* MainNavigationController.swift */,
			);
			path = Main;
			sourceTree = "<group>";
		};
		F00D7A1D258352AD005A39E9 /* Extension */ = {
			isa = PBXGroup;
			children = (
				F00D7A1E258352C5005A39E9 /* UIImage-Extension.swift */,
			);
			path = Extension;
			sourceTree = "<group>";
		};
/* End PBXGroup section */

/* Begin PBXNativeTarget section */
		F00D79CB25820D97005A39E9 /* DYZB */ = {
			isa = PBXNativeTarget;
			buildConfigurationList = F00D79E025820D99005A39E9 /* Build configuration list for PBXNativeTarget "DYZB" */;
			buildPhases = (
				F00D79C825820D97005A39E9 /* Sources */,
				F00D79C925820D97005A39E9 /* Frameworks */,
				F00D79CA25820D97005A39E9 /* Resources */,
			);
			buildRules = (
			);
			dependencies = (
			);
			name = DYZB;
			productName = DYZB;
			productReference = F00D79CC25820D97005A39E9 /* DYZB.app */;
			productType = "com.apple.product-type.application";
		};
/* End PBXNativeTarget section */

/* Begin PBXProject section */
		F00D79C425820D97005A39E9 /* Project object */ = {
			isa = PBXProject;
			attributes = {
				LastSwiftUpdateCheck = 1220;
				LastUpgradeCheck = 1220;
				TargetAttributes = {
					F00D79CB25820D97005A39E9 = {
						CreatedOnToolsVersion = 12.2;
					};
				};
			};
			buildConfigurationList = F00D79C725820D97005A39E9 /* Build configuration list for PBXProject "DYZB" */;
			compatibilityVersion = "Xcode 9.3";
			developmentRegion = en;
			hasScannedForEncodings = 0;
			knownRegions = (
				en,
				Base,
			);
			mainGroup = F00D79C325820D97005A39E9;
			productRefGroup = F00D79CD25820D97005A39E9 /* Products */;
			projectDirPath = "";
			projectRoot = "";
			targets = (
				F00D79CB25820D97005A39E9 /* DYZB */,
			);
		};
/* End PBXProject section */

/* Begin PBXResourcesBuildPhase section */
		F00D79CA25820D97005A39E9 /* Resources */ = {
			isa = PBXResourcesBuildPhase;
			buildActionMask = 2147483647;
			files = (
				F00D79DC25820D99005A39E9 /* LaunchScreen.storyboard in Resources */,
				F00D79D925820D99005A39E9 /* Assets.xcassets in Resources */,
			);
			runOnlyForDeploymentPostprocessing = 0;
		};
/* End PBXResourcesBuildPhase section */

/* Begin PBXSourcesBuildPhase section */
		F00D79C825820D97005A39E9 /* Sources */ = {
			isa = PBXSourcesBuildPhase;
			buildActionMask = 2147483647;
			files = (
				F00D7A0325832456005A39E9 /* ProfileViewController.swift in Sources */,
				F00D79F725832412005A39E9 /* MainTabBarController.swift in Sources */,
				F00D79D025820D97005A39E9 /* AppDelegate.swift in Sources */,
				F00D7A002583244B005A39E9 /* FollowViewController.swift in Sources */,
				F00D7A1A25834E2B005A39E9 /* MainNavigationController.swift in Sources */,
				F00D7A1F258352C5005A39E9 /* UIImage-Extension.swift in Sources */,
				F00D79FD2583243D005A39E9 /* LiveViewController.swift in Sources */,
				F00D79FA25832431005A39E9 /* HomeViewController.swift in Sources */,
			);
			runOnlyForDeploymentPostprocessing = 0;
		};
/* End PBXSourcesBuildPhase section */

/* Begin PBXVariantGroup section */
		F00D79DA25820D99005A39E9 /* LaunchScreen.storyboard */ = {
			isa = PBXVariantGroup;
			children = (
				F00D79DB25820D99005A39E9 /* Base */,
			);
			name = LaunchScreen.storyboard;
			sourceTree = "<group>";
		};
/* End PBXVariantGroup section */

/* Begin XCBuildConfiguration section */
		F00D79DE25820D99005A39E9 /* Debug */ = {
			isa = XCBuildConfiguration;
			buildSettings = {
				ALWAYS_SEARCH_USER_PATHS = NO;
				CLANG_ANALYZER_NONNULL = YES;
				CLANG_ANALYZER_NUMBER_OBJECT_CONVERSION = YES_AGGRESSIVE;
				CLANG_CXX_LANGUAGE_STANDARD = "gnu++14";
				CLANG_CXX_LIBRARY = "libc++";
				CLANG_ENABLE_MODULES = YES;
				CLANG_ENABLE_OBJC_ARC = YES;
				CLANG_ENABLE_OBJC_WEAK = YES;
				CLANG_WARN_BLOCK_CAPTURE_AUTORELEASING = YES;
				CLANG_WARN_BOOL_CONVERSION = YES;
				CLANG_WARN_COMMA = YES;
				CLANG_WARN_CONSTANT_CONVERSION = YES;
				CLANG_WARN_DEPRECATED_OBJC_IMPLEMENTATIONS = YES;
				CLANG_WARN_DIRECT_OBJC_ISA_USAGE = YES_ERROR;
				CLANG_WARN_DOCUMENTATION_COMMENTS = YES;
				CLANG_WARN_EMPTY_BODY = YES;
				CLANG_WARN_ENUM_CONVERSION = YES;
				CLANG_WARN_INFINITE_RECURSION = YES;
				CLANG_WARN_INT_CONVERSION = YES;
				CLANG_WARN_NON_LITERAL_NULL_CONVERSION = YES;
				CLANG_WARN_OBJC_IMPLICIT_RETAIN_SELF = YES;
				CLANG_WARN_OBJC_LITERAL_CONVERSION = YES;
				CLANG_WARN_OBJC_ROOT_CLASS = YES_ERROR;
				CLANG_WARN_QUOTED_INCLUDE_IN_FRAMEWORK_HEADER = YES;
				CLANG_WARN_RANGE_LOOP_ANALYSIS = YES;
				CLANG_WARN_STRICT_PROTOTYPES = YES;
				CLANG_WARN_SUSPICIOUS_MOVE = YES;
				CLANG_WARN_UNGUARDED_AVAILABILITY = YES_AGGRESSIVE;
				CLANG_WARN_UNREACHABLE_CODE = YES;
				CLANG_WARN__DUPLICATE_METHOD_MATCH = YES;
				COPY_PHASE_STRIP = NO;
				DEBUG_INFORMATION_FORMAT = dwarf;
				ENABLE_STRICT_OBJC_MSGSEND = YES;
				ENABLE_TESTABILITY = YES;
				GCC_C_LANGUAGE_STANDARD = gnu11;
				GCC_DYNAMIC_NO_PIC = NO;
				GCC_NO_COMMON_BLOCKS = YES;
				GCC_OPTIMIZATION_LEVEL = 0;
				GCC_PREPROCESSOR_DEFINITIONS = (
					"DEBUG=1",
					"$(inherited)",
				);
				GCC_WARN_64_TO_32_BIT_CONVERSION = YES;
				GCC_WARN_ABOUT_RETURN_TYPE = YES_ERROR;
				GCC_WARN_UNDECLARED_SELECTOR = YES;
				GCC_WARN_UNINITIALIZED_AUTOS = YES_AGGRESSIVE;
				GCC_WARN_UNUSED_FUNCTION = YES;
				GCC_WARN_UNUSED_VARIABLE = YES;
				IPHONEOS_DEPLOYMENT_TARGET = 14.2;
				MTL_ENABLE_DEBUG_INFO = INCLUDE_SOURCE;
				MTL_FAST_MATH = YES;
				ONLY_ACTIVE_ARCH = YES;
				SDKROOT = iphoneos;
				SWIFT_ACTIVE_COMPILATION_CONDITIONS = DEBUG;
				SWIFT_OPTIMIZATION_LEVEL = "-Onone";
			};
			name = Debug;
		};
		F00D79DF25820D99005A39E9 /* Release */ = {
			isa = XCBuildConfiguration;
			buildSettings = {
				ALWAYS_SEARCH_USER_PATHS = NO;
				CLANG_ANALYZER_NONNULL = YES;
				CLANG_ANALYZER_NUMBER_OBJECT_CONVERSION = YES_AGGRESSIVE;
				CLANG_CXX_LANGUAGE_STANDARD = "gnu++14";
				CLANG_CXX_LIBRARY = "libc++";
				CLANG_ENABLE_MODULES = YES;
				CLANG_ENABLE_OBJC_ARC = YES;
				CLANG_ENABLE_OBJC_WEAK = YES;
				CLANG_WARN_BLOCK_CAPTURE_AUTORELEASING = YES;
				CLANG_WARN_BOOL_CONVERSION = YES;
				CLANG_WARN_COMMA = YES;
				CLANG_WARN_CONSTANT_CONVERSION = YES;
				CLANG_WARN_DEPRECATED_OBJC_IMPLEMENTATIONS = YES;
				CLANG_WARN_DIRECT_OBJC_ISA_USAGE = YES_ERROR;
				CLANG_WARN_DOCUMENTATION_COMMENTS = YES;
				CLANG_WARN_EMPTY_BODY = YES;
				CLANG_WARN_ENUM_CONVERSION = YES;
				CLANG_WARN_INFINITE_RECURSION = YES;
				CLANG_WARN_INT_CONVERSION = YES;
				CLANG_WARN_NON_LITERAL_NULL_CONVERSION = YES;
				CLANG_WARN_OBJC_IMPLICIT_RETAIN_SELF = YES;
				CLANG_WARN_OBJC_LITERAL_CONVERSION = YES;
				CLANG_WARN_OBJC_ROOT_CLASS = YES_ERROR;
				CLANG_WARN_QUOTED_INCLUDE_IN_FRAMEWORK_HEADER = YES;
				CLANG_WARN_RANGE_LOOP_ANALYSIS = YES;
				CLANG_WARN_STRICT_PROTOTYPES = YES;
				CLANG_WARN_SUSPICIOUS_MOVE = YES;
				CLANG_WARN_UNGUARDED_AVAILABILITY = YES_AGGRESSIVE;
				CLANG_WARN_UNREACHABLE_CODE = YES;
				CLANG_WARN__DUPLICATE_METHOD_MATCH = YES;
				COPY_PHASE_STRIP = NO;
				DEBUG_INFORMATION_FORMAT = "dwarf-with-dsym";
				ENABLE_NS_ASSERTIONS = NO;
				ENABLE_STRICT_OBJC_MSGSEND = YES;
				GCC_C_LANGUAGE_STANDARD = gnu11;
				GCC_NO_COMMON_BLOCKS = YES;
				GCC_WARN_64_TO_32_BIT_CONVERSION = YES;
				GCC_WARN_ABOUT_RETURN_TYPE = YES_ERROR;
				GCC_WARN_UNDECLARED_SELECTOR = YES;
				GCC_WARN_UNINITIALIZED_AUTOS = YES_AGGRESSIVE;
				GCC_WARN_UNUSED_FUNCTION = YES;
				GCC_WARN_UNUSED_VARIABLE = YES;
				IPHONEOS_DEPLOYMENT_TARGET = 14.2;
				MTL_ENABLE_DEBUG_INFO = NO;
				MTL_FAST_MATH = YES;
				SDKROOT = iphoneos;
				SWIFT_COMPILATION_MODE = wholemodule;
				SWIFT_OPTIMIZATION_LEVEL = "-O";
				VALIDATE_PRODUCT = YES;
			};
			name = Release;
		};
		F00D79E125820D99005A39E9 /* Debug */ = {
			isa = XCBuildConfiguration;
			buildSettings = {
				ASSETCATALOG_COMPILER_APPICON_NAME = AppIcon;
				ASSETCATALOG_COMPILER_GLOBAL_ACCENT_COLOR_NAME = AccentColor;
				CODE_SIGN_STYLE = Automatic;
				DEVELOPMENT_TEAM = QPMZ545FKU;
				INFOPLIST_FILE = DYZB/Info.plist;
				IPHONEOS_DEPLOYMENT_TARGET = 9.0;
				LD_RUNPATH_SEARCH_PATHS = (
					"$(inherited)",
					"@executable_path/Frameworks",
				);
				PRODUCT_BUNDLE_IDENTIFIER = com.gbase.DYZB;
				PRODUCT_NAME = "$(TARGET_NAME)";
				SWIFT_VERSION = 5.0;
				TARGETED_DEVICE_FAMILY = "1,2";
			};
			name = Debug;
		};
		F00D79E225820D99005A39E9 /* Release */ = {
			isa = XCBuildConfiguration;
			buildSettings = {
				ASSETCATALOG_COMPILER_APPICON_NAME = AppIcon;
				ASSETCATALOG_COMPILER_GLOBAL_ACCENT_COLOR_NAME = AccentColor;
				CODE_SIGN_STYLE = Automatic;
				DEVELOPMENT_TEAM = QPMZ545FKU;
				INFOPLIST_FILE = DYZB/Info.plist;
				IPHONEOS_DEPLOYMENT_TARGET = 9.0;
				LD_RUNPATH_SEARCH_PATHS = (
					"$(inherited)",
					"@executable_path/Frameworks",
				);
				PRODUCT_BUNDLE_IDENTIFIER = com.gbase.DYZB;
				PRODUCT_NAME = "$(TARGET_NAME)";
				SWIFT_VERSION = 5.0;
				TARGETED_DEVICE_FAMILY = "1,2";
			};
			name = Release;
		};
/* End XCBuildConfiguration section */

/* Begin XCConfigurationList section */
		F00D79C725820D97005A39E9 /* Build configuration list for PBXProject "DYZB" */ = {
			isa = XCConfigurationList;
			buildConfigurations = (
				F00D79DE25820D99005A39E9 /* Debug */,
				F00D79DF25820D99005A39E9 /* Release */,
			);
			defaultConfigurationIsVisible = 0;
			defaultConfigurationName = Release;
		};
		F00D79E025820D99005A39E9 /* Build configuration list for PBXNativeTarget "DYZB" */ = {
			isa = XCConfigurationList;
			buildConfigurations = (
				F00D79E125820D99005A39E9 /* Debug */,
				F00D79E225820D99005A39E9 /* Release */,
			);
			defaultConfigurationIsVisible = 0;
			defaultConfigurationName = Release;
		};
/* End XCConfigurationList section */
	};
	rootObject = F00D79C425820D97005A39E9 /* Project object */;
}
